
Microsoft Visual Studio Solution File, Format Version 12.00
# Visual Studio Version 16
VisualStudioVersion = 16.0.30611.23
MinimumVisualStudioVersion = 10.0.40219.1
Project("{FAE04EC0-301F-11D3-BF4B-00C04F79EFBC}") = "LearningClasses", "LearningClasses.csproj", "{31A6E1DE-7260-410E-8FB7-4EBE1DCF2961}"
EndProject
Global
	GlobalSection(SolutionConfigurationPlatforms) = preSolution
		Debug|Any CPU = Debug|Any CPU
		Release|Any CPU = Release|Any CPU
	EndGlobalSection
	GlobalSection(ProjectConfigurationPlatforms) = postSolution
		{31A6E1DE-7260-410E-8FB7-4EBE1DCF2961}.Debug|Any CPU.ActiveCfg = Debug|Any CPU
		{31A6E1DE-7260-410E-8FB7-4EBE1DCF2961}.Debug|Any CPU.Build.0 = Debug|Any CPU
		{31A6E1DE-7260-410E-8FB7-4EBE1DCF2961}.Release|Any CPU.ActiveCfg = Release|Any CPU
		{31A6E1DE-7260-410E-8FB7-4EBE1DCF2961}.Release|Any CPU.Build.0 = Release|Any CPU
	EndGlobalSection
	GlobalSection(SolutionProperties) = preSolution
		HideSolutionNode = FALSE
	EndGlobalSection
	GlobalSection(ExtensibilityGlobals) = postSolution
		SolutionGuid = {A6E05874-693C-4CC5-A916-8E06B541E427}
	EndGlobalSection
EndGlobal
